
Microsoft Visual Studio Solution File, Format Version 12.00
# Visual Studio Version 17
VisualStudioVersion = 17.4.33403.182
MinimumVisualStudioVersion = 10.0.40219.1
Project("{8BC9CEB8-8B4A-11D0-8D11-00A0C91BC942}") = "day01", "cpjt\cpjt.vcxproj", "{ECC5391B-40DF-475D-8F67-C8C8AD5C9F82}"
EndProject
Project("{8BC9CEB8-8B4A-11D0-8D11-00A0C91BC942}") = "day02", "day02\day02.vcxproj", "{E53E3A4A-B663-4E98-B595-847061BC4D44}"
EndProject
Project("{8BC9CEB8-8B4A-11D0-8D11-00A0C91BC942}") = "day03", "day03\day03.vcxproj", "{7653015D-05CD-4B29-89E8-20103B72AC53}"
EndProject
Project("{8BC9CEB8-8B4A-11D0-8D11-00A0C91BC942}") = "omok", "omok\omok.vcxproj", "{428BA3CB-B382-4BAE-945D-64A4B243E04E}"
EndProject
Project("{8BC9CEB8-8B4A-11D0-8D11-00A0C91BC942}") = "day04", "day04\day04.vcxproj", "{DB01FD2C-ABA5-4A7A-9AB9-D58C133861FA}"
EndProject
Project("{8BC9CEB8-8B4A-11D0-8D11-00A0C91BC942}") = "day05", "day05\day05.vcxproj", "{D5038397-CACD-403D-B723-49F9CC83777E}"
EndProject
Project("{8BC9CEB8-8B4A-11D0-8D11-00A0C91BC942}") = "day06", "day06\day06.vcxproj", "{99A66254-9447-4CEF-8134-C0940737C85C}"
EndProject
Global
	GlobalSection(SolutionConfigurationPlatforms) = preSolution
		Debug|x64 = Debug|x64
		Debug|x86 = Debug|x86
		Release|x64 = Release|x64
		Release|x86 = Release|x86
	EndGlobalSection
	GlobalSection(ProjectConfigurationPlatforms) = postSolution
		{ECC5391B-40DF-475D-8F67-C8C8AD5C9F82}.Debug|x64.ActiveCfg = Debug|x64
		{ECC5391B-40DF-475D-8F67-C8C8AD5C9F82}.Debug|x64.Build.0 = Debug|x64
		{ECC5391B-40DF-475D-8F67-C8C8AD5C9F82}.Debug|x86.ActiveCfg = Debug|Win32
		{ECC5391B-40DF-475D-8F67-C8C8AD5C9F82}.Debug|x86.Build.0 = Debug|Win32
		{ECC5391B-40DF-475D-8F67-C8C8AD5C9F82}.Release|x64.ActiveCfg = Release|x64
		{ECC5391B-40DF-475D-8F67-C8C8AD5C9F82}.Release|x64.Build.0 = Release|x64
		{ECC5391B-40DF-475D-8F67-C8C8AD5C9F82}.Release|x86.ActiveCfg = Release|Win32
		{ECC5391B-40DF-475D-8F67-C8C8AD5C9F82}.Release|x86.Build.0 = Release|Win32
		{E53E3A4A-B663-4E98-B595-847061BC4D44}.Debug|x64.ActiveCfg = Debug|x64
		{E53E3A4A-B663-4E98-B595-847061BC4D44}.Debug|x64.Build.0 = Debug|x64
		{E53E3A4A-B663-4E98-B595-847061BC4D44}.Debug|x86.ActiveCfg = Debug|Win32
		{E53E3A4A-B663-4E98-B595-847061BC4D44}.Debug|x86.Build.0 = Debug|Win32
		{E53E3A4A-B663-4E98-B595-847061BC4D44}.Release|x64.ActiveCfg = Release|x64
		{E53E3A4A-B663-4E98-B595-847061BC4D44}.Release|x64.Build.0 = Release|x64
		{E53E3A4A-B663-4E98-B595-847061BC4D44}.Release|x86.ActiveCfg = Release|Win32
		{E53E3A4A-B663-4E98-B595-847061BC4D44}.Release|x86.Build.0 = Release|Win32
		{7653015D-05CD-4B29-89E8-20103B72AC53}.Debug|x64.ActiveCfg = Debug|x64
		{7653015D-05CD-4B29-89E8-20103B72AC53}.Debug|x64.Build.0 = Debug|x64
		{7653015D-05CD-4B29-89E8-20103B72AC53}.Debug|x86.ActiveCfg = Debug|Win32
		{7653015D-05CD-4B29-89E8-20103B72AC53}.Debug|x86.Build.0 = Debug|Win32
		{7653015D-05CD-4B29-89E8-20103B72AC53}.Release|x64.ActiveCfg = Release|x64
		{7653015D-05CD-4B29-89E8-20103B72AC53}.Release|x64.Build.0 = Release|x64
		{7653015D-05CD-4B29-89E8-20103B72AC53}.Release|x86.ActiveCfg = Release|Win32
		{7653015D-05CD-4B29-89E8-20103B72AC53}.Release|x86.Build.0 = Release|Win32
		{428BA3CB-B382-4BAE-945D-64A4B243E04E}.Debug|x64.ActiveCfg = Debug|x64
		{428BA3CB-B382-4BAE-945D-64A4B243E04E}.Debug|x64.Build.0 = Debug|x64
		{428BA3CB-B382-4BAE-945D-64A4B243E04E}.Debug|x86.ActiveCfg = Debug|Win32
		{428BA3CB-B382-4BAE-945D-64A4B243E04E}.Debug|x86.Build.0 = Debug|Win32
		{428BA3CB-B382-4BAE-945D-64A4B243E04E}.Release|x64.ActiveCfg = Release|x64
		{428BA3CB-B382-4BAE-945D-64A4B243E04E}.Release|x64.Build.0 = Release|x64
		{428BA3CB-B382-4BAE-945D-64A4B243E04E}.Release|x86.ActiveCfg = Release|Win32
		{428BA3CB-B382-4BAE-945D-64A4B243E04E}.Release|x86.Build.0 = Release|Win32
		{DB01FD2C-ABA5-4A7A-9AB9-D58C133861FA}.Debug|x64.ActiveCfg = Debug|x64
		{DB01FD2C-ABA5-4A7A-9AB9-D58C133861FA}.Debug|x64.Build.0 = Debug|x64
		{DB01FD2C-ABA5-4A7A-9AB9-D58C133861FA}.Debug|x86.ActiveCfg = Debug|Win32
		{DB01FD2C-ABA5-4A7A-9AB9-D58C133861FA}.Debug|x86.Build.0 = Debug|Win32
		{DB01FD2C-ABA5-4A7A-9AB9-D58C133861FA}.Release|x64.ActiveCfg = Release|x64
		{DB01FD2C-ABA5-4A7A-9AB9-D58C133861FA}.Release|x64.Build.0 = Release|x64
		{DB01FD2C-ABA5-4A7A-9AB9-D58C133861FA}.Release|x86.ActiveCfg = Release|Win32
		{DB01FD2C-ABA5-4A7A-9AB9-D58C133861FA}.Release|x86.Build.0 = Release|Win32
		{D5038397-CACD-403D-B723-49F9CC83777E}.Debug|x64.ActiveCfg = Debug|x64
		{D5038397-CACD-403D-B723-49F9CC83777E}.Debug|x64.Build.0 = Debug|x64
		{D5038397-CACD-403D-B723-49F9CC83777E}.Debug|x86.ActiveCfg = Debug|Win32
		{D5038397-CACD-403D-B723-49F9CC83777E}.Debug|x86.Build.0 = Debug|Win32
		{D5038397-CACD-403D-B723-49F9CC83777E}.Release|x64.ActiveCfg = Release|x64
		{D5038397-CACD-403D-B723-49F9CC83777E}.Release|x64.Build.0 = Release|x64
		{D5038397-CACD-403D-B723-49F9CC83777E}.Release|x86.ActiveCfg = Release|Win32
		{D5038397-CACD-403D-B723-49F9CC83777E}.Release|x86.Build.0 = Release|Win32
		{99A66254-9447-4CEF-8134-C0940737C85C}.Debug|x64.ActiveCfg = Debug|x64
		{99A66254-9447-4CEF-8134-C0940737C85C}.Debug|x64.Build.0 = Debug|x64
		{99A66254-9447-4CEF-8134-C0940737C85C}.Debug|x86.ActiveCfg = Debug|Win32
		{99A66254-9447-4CEF-8134-C0940737C85C}.Debug|x86.Build.0 = Debug|Win32
		{99A66254-9447-4CEF-8134-C0940737C85C}.Release|x64.ActiveCfg = Release|x64
		{99A66254-9447-4CEF-8134-C0940737C85C}.Release|x64.Build.0 = Release|x64
		{99A66254-9447-4CEF-8134-C0940737C85C}.Release|x86.ActiveCfg = Release|Win32
		{99A66254-9447-4CEF-8134-C0940737C85C}.Release|x86.Build.0 = Release|Win32
	EndGlobalSection
	GlobalSection(SolutionProperties) = preSolution
		HideSolutionNode = FALSE
	EndGlobalSection
	GlobalSection(ExtensibilityGlobals) = postSolution
		SolutionGuid = {8BD03C19-0C44-4656-AD9C-C4EC819DE15F}
	EndGlobalSection
EndGlobal
